{
  "name": "flowercatalogapp",
  "version": "1.0.0",
  "lockfileVersion": 2,
  "requires": true,
  "packages": {
    "": {
      "name": "flowercatalogapp",
      "version": "1.0.0",
      "license": "ISC",
      "dependencies": {
        "server": "github:prafullchvn/server"
      }
    },
    "node_modules/server": {
      "version": "1.0.0",
      "resolved": "git+ssh://git@github.com/prafullchvn/server.git#07dc0fff175ac3d3f59bf70fefe36557ac68c988",
      "license": "ISC"
    }
  },
  "dependencies": {
    "server": {
      "version": "git+ssh://git@github.com/prafullchvn/server.git#07dc0fff175ac3d3f59bf70fefe36557ac68c988",
      "from": "server@github:prafullchvn/server"
    }
  }
}
